
Microsoft Visual Studio Solution File, Format Version 12.00
# Visual Studio 15
VisualStudioVersion = 15.0.28307.168
MinimumVisualStudioVersion = 10.0.40219.1
Project("{FAE04EC0-301F-11D3-BF4B-00C04F79EFBC}") = "LinkedList", "LinkedList\LinkedList.csproj", "{ED2384BB-52B2-401D-BBF2-A8913023E144}"
EndProject
Global
	GlobalSection(SolutionConfigurationPlatforms) = preSolution
		Debug|Any CPU = Debug|Any CPU
		Release|Any CPU = Release|Any CPU
	EndGlobalSection
	GlobalSection(ProjectConfigurationPlatforms) = postSolution
		{ED2384BB-52B2-401D-BBF2-A8913023E144}.Debug|Any CPU.ActiveCfg = Debug|Any CPU
		{ED2384BB-52B2-401D-BBF2-A8913023E144}.Debug|Any CPU.Build.0 = Debug|Any CPU
		{ED2384BB-52B2-401D-BBF2-A8913023E144}.Release|Any CPU.ActiveCfg = Release|Any CPU
		{ED2384BB-52B2-401D-BBF2-A8913023E144}.Release|Any CPU.Build.0 = Release|Any CPU
	EndGlobalSection
	GlobalSection(SolutionProperties) = preSolution
		HideSolutionNode = FALSE
	EndGlobalSection
	GlobalSection(ExtensibilityGlobals) = postSolution
		SolutionGuid = {D90F5967-034B-4334-A756-72AD462721E5}
	EndGlobalSection
EndGlobal
